
Microsoft Visual Studio Solution File, Format Version 12.00
# Visual Studio Version 17
VisualStudioVersion = 17.0.32112.339
MinimumVisualStudioVersion = 10.0.40219.1
Project("{FAE04EC0-301F-11D3-BF4B-00C04F79EFBC}") = "s01.JavascriptToAspNetServerSideControls", "s01.JavascriptToAspNetServerSideControls.csproj", "{39D28918-87B2-46CB-B150-39A36BBCA225}"
EndProject
Global
	GlobalSection(SolutionConfigurationPlatforms) = preSolution
		Debug|Any CPU = Debug|Any CPU
		Release|Any CPU = Release|Any CPU
	EndGlobalSection
	GlobalSection(ProjectConfigurationPlatforms) = postSolution
		{39D28918-87B2-46CB-B150-39A36BBCA225}.Debug|Any CPU.ActiveCfg = Debug|Any CPU
		{39D28918-87B2-46CB-B150-39A36BBCA225}.Debug|Any CPU.Build.0 = Debug|Any CPU
		{39D28918-87B2-46CB-B150-39A36BBCA225}.Release|Any CPU.ActiveCfg = Release|Any CPU
		{39D28918-87B2-46CB-B150-39A36BBCA225}.Release|Any CPU.Build.0 = Release|Any CPU
	EndGlobalSection
	GlobalSection(SolutionProperties) = preSolution
		HideSolutionNode = FALSE
	EndGlobalSection
	GlobalSection(ExtensibilityGlobals) = postSolution
		SolutionGuid = {00A5197A-8BA7-47A1-B1FB-646A0C8DCD55}
	EndGlobalSection
EndGlobal
